{
  "name": "rbot-conventions",
  "lockfileVersion": 3,
  "requires": true,
  "packages": {
    "": {
      "name": "rbot-conventions",
      "devDependencies": {
        "@apocarteres/project-conventions": "file:.platform/target/local-packages/apocarteres-project-conventions-13.5.0.tgz"
      },
      "engines": {
        "node": "^24.21.0",
        "npm": "^11.19.0"
      }
    },
    "node_modules/@apocarteres/project-conventions": {
      "version": "13.5.0",
      "resolved": "file:.platform/target/local-packages/apocarteres-project-conventions-13.5.0.tgz",
      "integrity": "sha512-UiyH5sXafPAtNNkJMWoTsXTMZDwqgEnomFM18qP86c7huXTC4a5VNJyN/MyEn/sXQ/N57nB+UF5sOZE5eGW4SA==",
      "dev": true,
      "license": "UNLICENSED",
      "bin": {
        "conventions": "bin/conventions.mjs"
      },
      "engines": {
        "node": ">=22"
      }
    }
  }
}
