{
  "name": "rbot-conventions",
  "lockfileVersion": 3,
  "requires": true,
  "packages": {
    "": {
      "name": "rbot-conventions",
      "devDependencies": {
        "@apocarteres/project-conventions": "file:.platform/target/local-packages/apocarteres-project-conventions-14.0.0.tgz"
      },
      "engines": {
        "node": "^24.21.0",
        "npm": "^11.19.0"
      }
    },
    "node_modules/@apocarteres/project-conventions": {
      "version": "14.0.0",
      "resolved": "file:.platform/target/local-packages/apocarteres-project-conventions-14.0.0.tgz",
      "integrity": "sha512-4YUNGDg7wIXE+FXkilrNmKrQU1Czh6WPMXS6/i9QAThvzueGNyaBy3WnqCiVpWYcNy5lgPbaiP0OnAcSUM0FDg==",
      "dev": true,
      "license": "UNLICENSED",
      "dependencies": {
        "yaml": "2.9.1"
      },
      "bin": {
        "conventions": "bin/conventions.mjs"
      },
      "engines": {
        "node": ">=22"
      }
    },
    "node_modules/yaml": {
      "version": "2.9.1",
      "resolved": "https://registry.npmjs.org/yaml/-/yaml-2.9.1.tgz",
      "integrity": "sha512-3NxN8+78OdzbT7C/WjGsyfPAtJaN3FNDsWxv7Y7mcDsT/oOmgW8BpyQQFFBnvZE3j9Y2Sdz1ULFLezL7Eb2yFw==",
      "dev": true,
      "license": "ISC",
      "bin": {
        "yaml": "bin.mjs"
      },
      "engines": {
        "node": ">= 14.6"
      },
      "funding": {
        "url": "https://github.com/sponsors/eemeli"
      }
    }
  }
}
